# This file is automatically @generated by Poetry 2.1.3 and should not be changed by hand.

[[package]]
name = "attrs"
version = "25.3.0"
description = "Classes Without Boilerplate"
optional = false
python-versions = ">=3.8"
groups = ["main"]
files = [
    {file = "attrs-25.3.0-py3-none-any.whl", hash = "sha256:427318ce031701fea540783410126f03899a97ffc6f61596ad581ac2e40e3bc3"},
    {file = "attrs-25.3.0.tar.gz", hash = "sha256:75d7cefc7fb576747b2c81b4442d4d4a1ce0900973527c011d1030fd3bf4af1b"},
]

[package.extras]
benchmark = ["cloudpickle ; platform_python_implementation == \"CPython\"", "hypothesis", "mypy (>=1.11.1) ; platform_python_implementation == \"CPython\" and python_version >= \"3.10\"", "pympler", "pytest (>=4.3.0)", "pytest-codspeed", "pytest-mypy-plugins ; platform_python_implementation == \"CPython\" and python_version >= \"3.10\"", "pytest-xdist[psutil]"]
cov = ["cloudpickle ; platform_python_implementation == \"CPython\"", "coverage[toml] (>=5.3)", "hypothesis", "mypy (>=1.11.1) ; platform_python_implementation == \"CPython\" and python_version >= \"3.10\"", "pympler", "pytest (>=4.3.0)", "pytest-mypy-plugins ; platform_python_implementation == \"CPython\" and python_version >= \"3.10\"", "pytest-xdist[psutil]"]
dev = ["cloudpickle ; platform_python_implementation == \"CPython\"", "hypothesis", "mypy (>=1.11.1) ; platform_python_implementation == \"CPython\" and python_version >= \"3.10\"", "pre-commit-uv", "pympler", "pytest (>=4.3.0)", "pytest-mypy-plugins ; platform_python_implementation == \"CPython\" and python_version >= \"3.10\"", "pytest-xdist[psutil]"]
docs = ["cogapp", "furo", "myst-parser", "sphinx", "sphinx-notfound-page", "sphinxcontrib-towncrier", "towncrier"]
tests = ["cloudpickle ; platform_python_implementation == \"CPython\"", "hypothesis", "mypy (>=1.11.1) ; platform_python_implementation == \"CPython\" and python_version >= \"3.10\"", "pympler", "pytest (>=4.3.0)", "pytest-mypy-plugins ; platform_python_implementation == \"CPython\" and python_version >= \"3.10\"", "pytest-xdist[psutil]"]
tests-mypy = ["mypy (>=1.11.1) ; platform_python_implementation == \"CPython\" and python_version >= \"3.10\"", "pytest-mypy-plugins ; platform_python_implementation == \"CPython\" and python_version >= \"3.10\""]

[[package]]
name = "distro"
version = "1.9.0"
description = "Distro - an OS platform information API"
optional = false
python-versions = ">=3.6"
groups = ["main"]
files = [
    {file = "distro-1.9.0-py3-none-any.whl", hash = "sha256:7bffd925d65168f85027d8da9af6bddab658135b840670a223589bc0c8ef02b2"},
    {file = "distro-1.9.0.tar.gz", hash = "sha256:2fa77c6fd8940f116ee1d6b94a2f90b13b5ea8d019b98bc8bafdcabcdd9bdbed"},
]

[[package]]
name = "gitdb"
version = "4.0.12"
description = "Git Object Database"
optional = false
python-versions = ">=3.7"
groups = ["main"]
files = [
    {file = "gitdb-4.0.12-py3-none-any.whl", hash = "sha256:67073e15955400952c6565cc3e707c554a4eea2e428946f7a4c162fab9bd9bcf"},
    {file = "gitdb-4.0.12.tar.gz", hash = "sha256:5ef71f855d191a3326fcfbc0d5da835f26b13fbcba60c32c21091c349ffdb571"},
]

[package.dependencies]
smmap = ">=3.0.1,<6"

[[package]]
name = "gitpython"
version = "3.1.44"
description = "GitPython is a Python library used to interact with Git repositories"
optional = false
python-versions = ">=3.7"
groups = ["main"]
files = [
    {file = "GitPython-3.1.44-py3-none-any.whl", hash = "sha256:9e0e10cda9bed1ee64bc9a6de50e7e38a9c9943241cd7f585f6df3ed28011110"},
    {file = "gitpython-3.1.44.tar.gz", hash = "sha256:c87e30b26253bf5418b01b0660f818967f3c503193838337fe5e573331249269"},
]

[package.dependencies]
gitdb = ">=4.0.1,<5"

[package.extras]
doc = ["sphinx (>=7.1.2,<7.2)", "sphinx-autodoc-typehints", "sphinx_rtd_theme"]
test = ["coverage[toml]", "ddt (>=1.1.1,!=1.4.3)", "mock ; python_version < \"3.8\"", "mypy", "pre-commit", "pytest (>=7.3.1)", "pytest-cov", "pytest-instafail", "pytest-mock", "pytest-sugar", "typing-extensions ; python_version < \"3.11\""]

[[package]]
name = "jsonschema"
version = "4.24.0"
description = "An implementation of JSON Schema validation for Python"
optional = false
python-versions = ">=3.9"
groups = ["main"]
files = [
    {file = "jsonschema-4.24.0-py3-none-any.whl", hash = "sha256:a462455f19f5faf404a7902952b6f0e3ce868f3ee09a359b05eca6673bd8412d"},
    {file = "jsonschema-4.24.0.tar.gz", hash = "sha256:0b4e8069eb12aedfa881333004bccaec24ecef5a8a6a4b6df142b2cc9599d196"},
]

[package.dependencies]
attrs = ">=22.2.0"
jsonschema-specifications = ">=2023.03.6"
referencing = ">=0.28.4"
rpds-py = ">=0.7.1"

[package.extras]
format = ["fqdn", "idna", "isoduration", "jsonpointer (>1.13)", "rfc3339-validator", "rfc3987", "uri-template", "webcolors (>=1.11)"]
format-nongpl = ["fqdn", "idna", "isoduration", "jsonpointer (>1.13)", "rfc3339-validator", "rfc3986-validator (>0.1.0)", "uri-template", "webcolors (>=24.6.0)"]

[[package]]
name = "jsonschema-specifications"
version = "2025.4.1"
description = "The JSON Schema meta-schemas and vocabularies, exposed as a Registry"
optional = false
python-versions = ">=3.9"
groups = ["main"]
files = [
    {file = "jsonschema_specifications-2025.4.1-py3-none-any.whl", hash = "sha256:4653bffbd6584f7de83a67e0d620ef16900b390ddc7939d56684d6c81e33f1af"},
    {file = "jsonschema_specifications-2025.4.1.tar.gz", hash = "sha256:630159c9f4dbea161a6a2205c3011cc4f18ff381b189fff48bb39b9bf26ae608"},
]

[package.dependencies]
referencing = ">=0.31.0"

[[package]]
name = "kas"
version = "4.7"
description = "Setup tool for bitbake based projects"
optional = false
python-versions = ">=3.6"
groups = ["main"]
files = [
    {file = "kas-4.7.tar.gz", hash = "sha256:2b654f6a3c83b6aea3b7d3ee5315572f34e865fcd24042d4ad7cec09de8b7678"},
]

[package.dependencies]
distro = ">=1.0.0,<2"
GitPython = ">=3.1.0,<4"
jsonschema = ">=2.5.0,<5"
kconfiglib = ">=14.1.0,<15"
PyYAML = ">=3.0,<7"

[[package]]
name = "kconfiglib"
version = "14.1.0"
description = "A flexible Python Kconfig implementation"
optional = false
python-versions = ">=2.7,!=3.0.*,!=3.1.*"
groups = ["main"]
files = [
    {file = "kconfiglib-14.1.0-py2.py3-none-any.whl", hash = "sha256:edcd35a20e7e138a9a9e96149027f805f785e818d2eae400b6fa8b0c8845114a"},
    {file = "kconfiglib-14.1.0.tar.gz", hash = "sha256:bed2cc2216f538eca4255a83a4588d8823563cdd50114f86cf1a2674e602c93c"},
]

[[package]]
name = "pyyaml"
version = "6.0.3"
description = "YAML parser and emitter for Python"
optional = false
python-versions = ">=3.8"
groups = ["main"]
files = [
    {file = "PyYAML-6.0.3-cp38-cp38-macosx_10_13_x86_64.whl", hash = "sha256:c2514fceb77bc5e7a2f7adfaa1feb2fb311607c9cb518dbc378688ec73d8292f"},
    {file = "PyYAML-6.0.3-cp38-cp38-manylinux2014_aarch64.manylinux_2_17_aarch64.manylinux_2_28_aarch64.whl", hash = "sha256:9c57bb8c96f6d1808c030b1687b9b5fb476abaa47f0db9c0101f5e9f394e97f4"},
    {file = "PyYAML-6.0.3-cp38-cp38-manylinux2014_s390x.manylinux_2_17_s390x.manylinux_2_28_s390x.whl", hash = "sha256:efd7b85f94a6f21e4932043973a7ba2613b059c4a000551892ac9f1d11f5baf3"},
    {file = "PyYAML-6.0.3-cp38-cp38-manylinux2014_x86_64.manylinux_2_17_x86_64.manylinux_2_28_x86_64.whl", hash = "sha256:22ba7cfcad58ef3ecddc7ed1db3409af68d023b7f940da23c6c2a1890976eda6"},
    {file = "PyYAML-6.0.3-cp38-cp38-musllinux_1_2_x86_64.whl", hash = "sha256:6344df0d5755a2c9a276d4473ae6b90647e216ab4757f8426893b5dd2ac3f369"},
    {file = "PyYAML-6.0.3-cp38-cp38-win32.whl", hash = "sha256:3ff07ec89bae51176c0549bc4c63aa6202991da2d9a6129d7aef7f1407d3f295"},
    {file = "PyYAML-6.0.3-cp38-cp38-win_amd64.whl", hash = "sha256:5cf4e27da7e3fbed4d6c3d8e797387aaad68102272f8f9752883bc32d61cb87b"},
    {file = "pyyaml-6.0.3-cp310-cp310-macosx_10_13_x86_64.whl", hash = "sha256:214ed4befebe12df36bcc8bc2b64b396ca31be9304b8f59e25c11cf94a4c033b"},
    {file = "pyyaml-6.0.3-cp310-cp310-macosx_11_0_arm64.whl", hash = "sha256:02ea2dfa234451bbb8772601d7b8e426c2bfa197136796224e50e35a78777956"},
    {file = "pyyaml-6.0.3-cp310-cp310-manylinux2014_aarch64.manylinux_2_17_aarch64.manylinux_2_28_aarch64.whl", hash = "sha256:b30236e45cf30d2b8e7b3e85881719e98507abed1011bf463a8fa23e9c3e98a8"},
    {file = "pyyaml-6.0.3-cp310-cp310-manylinux2014_s390x.manylinux_2_17_s390x.manylinux_2_28_s390x.whl", hash = "sha256:66291b10affd76d76f54fad28e22e51719ef9ba22b29e1d7d03d6777a9174198"},
    {file = "pyyaml-6.0.3-cp310-cp310-manylinux2014_x86_64.manylinux_2_17_x86_64.manylinux_2_28_x86_64.whl", hash = "sha256:9c7708761fccb9397fe64bbc0395abcae8c4bf7b0eac081e12b809bf47700d0b"},
    {file = "pyyaml-6.0.3-cp310-cp310-musllinux_1_2_aarch64.whl", hash = "sha256:418cf3f2111bc80e0933b2cd8cd04f286338bb88bdc7bc8e6dd775ebde60b5e0"},
    {file = "pyyaml-6.0.3-cp310-cp310-musllinux_1_2_x86_64.whl", hash = "sha256:5e0b74767e5f8c593e8c9b5912019159ed0533c70051e9cce3e8b6aa699fcd69"},
    {file = "pyyaml-6.0.3-cp310-cp310-win32.whl", hash = "sha256:28c8d926f98f432f88adc23edf2e6d4921ac26fb084b028c733d01868d19007e"},
    {file = "pyyaml-6.0.3-cp310-cp310-win_amd64.whl", hash = "sha256:bdb2c67c6c1390b63c6ff89f210c8fd09d9a1217a465701eac7316313c915e4c"},
    {file = "pyyaml-6.0.3-cp311-cp311-macosx_10_13_x86_64.whl", hash = "sha256:44edc647873928551a01e7a563d7452ccdebee747728c1080d881d68af7b997e"},
    {file = "pyyaml-6.0.3-cp311-cp311-macosx_11_0_arm64.whl", hash = "sha256:652cb6edd41e718550aad172851962662ff2681490a8a711af6a4d288dd96824"},
    {file = "pyyaml-6.0.3-cp311-cp311-manylinux2014_aarch64.manylinux_2_17_aarch64.manylinux_2_28_aarch64.whl", hash = "sha256:10892704fc220243f5305762e276552a0395f7beb4dbf9b14ec8fd43b57f126c"},
    {file = "pyyaml-6.0.3-cp311-cp311-manylinux2014_s390x.manylinux_2_17_s390x.manylinux_2_28_s390x.whl", hash = "sha256:850774a7879607d3a6f50d36d04f00ee69e7fc816450e5f7e58d7f17f1ae5c00"},
    {file = "pyyaml-6.0.3-cp311-cp311-manylinux2014_x86_64.manylinux_2_17_x86_64.manylinux_2_28_x86_64.whl", hash = "sha256:b8bb0864c5a28024fac8a632c443c87c5aa6f215c0b126c449ae1a150412f31d"},
    {file = "pyyaml-6.0.3-cp311-cp311-musllinux_1_2_aarch64.whl", hash = "sha256:1d37d57ad971609cf3c53ba6a7e365e40660e3be0e5175fa9f2365a379d6095a"},
    {file = "pyyaml-6.0.3-cp311-cp311-musllinux_1_2_x86_64.whl", hash = "sha256:37503bfbfc9d2c40b344d06b2199cf0e96e97957ab1c1b546fd4f87e53e5d3e4"},
    {file = "pyyaml-6.0.3-cp311-cp311-win32.whl", hash = "sha256:8098f252adfa6c80ab48096053f512f2321f0b998f98150cea9bd23d83e1467b"},
    {file = "pyyaml-6.0.3-cp311-cp311-win_amd64.whl", hash = "sha256:9f3bfb4965eb874431221a3ff3fdcddc7e74e3b07799e0e84ca4a0f867d449bf"},
    {file = "pyyaml-6.0.3-cp312-cp312-macosx_10_13_x86_64.whl", hash = "sha256:7f047e29dcae44602496db43be01ad42fc6f1cc0d8cd6c83d342306c32270196"},
    {file = "pyyaml-6.0.3-cp312-cp312-macosx_11_0_arm64.whl", hash = "sha256:fc09d0aa354569bc501d4e787133afc08552722d3ab34836a80547331bb5d4a0"},
    {file = "pyyaml-6.0.3-cp312-cp312-manylinux2014_aarch64.manylinux_2_17_aarch64.manylinux_2_28_aarch64.whl", hash = "sha256:9149cad251584d5fb4981be1ecde53a1ca46c891a79788c0df828d2f166bda28"},
    {file = "pyyaml-6.0.3-cp312-cp312-manylinux2014_s390x.manylinux_2_17_s390x.manylinux_2_28_s390x.whl", hash = "sha256:5fdec68f91a0c6739b380c83b951e2c72ac0197ace422360e6d5a959d8d97b2c"},
    {file = "pyyaml-6.0.3-cp312-cp312-manylinux2014_x86_64.manylinux_2_17_x86_64.manylinux_2_28_x86_64.whl", hash = "sha256:ba1cc08a7ccde2d2ec775841541641e4548226580ab850948cbfda66a1befcdc"},
    {file = "pyyaml-6.0.3-cp312-cp312-musllinux_1_2_aarch64.whl", hash = "sha256:8dc52c23056b9ddd46818a57b78404882310fb473d63f17b07d5c40421e47f8e"},
    {file = "pyyaml-6.0.3-cp312-cp312-musllinux_1_2_x86_64.whl", hash = "sha256:41715c910c881bc081f1e8872880d3c650acf13dfa8214bad49ed4cede7c34ea"},
    {file = "pyyaml-6.0.3-cp312-cp312-win32.whl", hash = "sha256:96b533f0e99f6579b3d4d4995707cf36df9100d67e0c8303a0c55b27b5f99bc5"},
    {file = "pyyaml-6.0.3-cp312-cp312-win_amd64.whl", hash = "sha256:5fcd34e47f6e0b794d17de1b4ff496c00986e1c83f7ab2fb8fcfe9616ff7477b"},
    {file = "pyyaml-6.0.3-cp312-cp312-win_arm64.whl", hash = "sha256:64386e5e707d03a7e172c0701abfb7e10f0fb753ee1d773128192742712a98fd"},
    {file = "pyyaml-6.0.3-cp313-cp313-macosx_10_13_x86_64.whl", hash = "sha256:8da9669d359f02c0b91ccc01cac4a67f16afec0dac22c2ad09f46bee0697eba8"},
    {file = "pyyaml-6.0.3-cp313-cp313-macosx_11_0_arm64.whl", hash = "sha256:2283a07e2c21a2aa78d9c4442724ec1eb15f5e42a723b99cb3d822d48f5f7ad1"},
    {file = "pyyaml-6.0.3-cp313-cp313-manylinux2014_aarch64.manylinux_2_17_aarch64.manylinux_2_28_aarch64.whl", hash = "sha256:ee2922902c45ae8ccada2c5b501ab86c36525b883eff4255313a253a3160861c"},
    {file = "pyyaml-6.0.3-cp313-cp313-manylinux2014_s390x.manylinux_2_17_s390x.manylinux_2_28_s390x.whl", hash = "sha256:a33284e20b78bd4a18c8c2282d549d10bc8408a2a7ff57653c0cf0b9be0afce5"},
    {file = "pyyaml-6.0.3-cp313-cp313-manylinux2014_x86_64.manylinux_2_17_x86_64.manylinux_2_28_x86_64.whl", hash = "sha256:0f29edc409a6392443abf94b9cf89ce99889a1dd5376d94316ae5145dfedd5d6"},
    {file = "pyyaml-6.0.3-cp313-cp313-musllinux_1_2_aarch64.whl", hash = "sha256:f7057c9a337546edc7973c0d3ba84ddcdf0daa14533c2065749c9075001090e6"},
    {file = "pyyaml-6.0.3-cp313-cp313-musllinux_1_2_x86_64.whl", hash = "sha256:eda16858a3cab07b80edaf74336ece1f986ba330fdb8ee0d6c0d68fe82bc96be"},
    {file = "pyyaml-6.0.3-cp313-cp313-win32.whl", hash = "sha256:d0eae10f8159e8fdad514efdc92d74fd8d682c933a6dd088030f3834bc8e6b26"},
    {file = "pyyaml-6.0.3-cp313-cp313-win_amd64.whl", hash = "sha256:79005a0d97d5ddabfeeea4cf676af11e647e41d81c9a7722a193022accdb6b7c"},
    {file = "pyyaml-6.0.3-cp313-cp313-win_arm64.whl", hash = "sha256:5498cd1645aa724a7c71c8f378eb29ebe23da2fc0d7a08071d89469bf1d2defb"},
    {file = "pyyaml-6.0.3-cp314-cp314-macosx_10_13_x86_64.whl", hash = "sha256:8d1fab6bb153a416f9aeb4b8763bc0f22a5586065f86f7664fc23339fc1c1fac"},
    {file = "pyyaml-6.0.3-cp314-cp314-macosx_11_0_arm64.whl", hash = "sha256:34d5fcd24b8445fadc33f9cf348c1047101756fd760b4dacb5c3e99755703310"},
    {file = "pyyaml-6.0.3-cp314-cp314-manylinux2014_aarch64.manylinux_2_17_aarch64.manylinux_2_28_aarch64.whl", hash = "sha256:501a031947e3a9025ed4405a168e6ef5ae3126c59f90ce0cd6f2bfc477be31b7"},
    {file = "pyyaml-6.0.3-cp314-cp314-manylinux2014_s390x.manylinux_2_17_s390x.manylinux_2_28_s390x.whl", hash = "sha256:b3bc83488de33889877a0f2543ade9f70c67d66d9ebb4ac959502e12de895788"},
    {file = "pyyaml-6.0.3-cp314-cp314-manylinux2014_x86_64.manylinux_2_17_x86_64.manylinux_2_28_x86_64.whl", hash = "sha256:c458b6d084f9b935061bc36216e8a69a7e293a2f1e68bf956dcd9e6cbcd143f5"},
    {file = "pyyaml-6.0.3-cp314-cp314-musllinux_1_2_aarch64.whl", hash = "sha256:7c6610def4f163542a622a73fb39f534f8c101d690126992300bf3207eab9764"},
    {file = "pyyaml-6.0.3-cp314-cp314-musllinux_1_2_x86_64.whl", hash = "sha256:5190d403f121660ce8d1d2c1bb2ef1bd05b5f68533fc5c2ea899bd15f4399b35"},
    {file = "pyyaml-6.0.3-cp314-cp314-win_amd64.whl", hash = "sha256:4a2e8cebe2ff6ab7d1050ecd59c25d4c8bd7e6f400f5f82b96557ac0abafd0ac"},
    {file = "pyyaml-6.0.3-cp314-cp314-win_arm64.whl", hash = "sha256:93dda82c9c22deb0a405ea4dc5f2d0cda384168e466364dec6255b293923b2f3"},
    {file = "pyyaml-6.0.3-cp314-cp314t-macosx_10_13_x86_64.whl", hash = "sha256:02893d100e99e03eda1c8fd5c441d8c60103fd175728e23e431db1b589cf5ab3"},
    {file = "pyyaml-6.0.3-cp314-cp314t-macosx_11_0_arm64.whl", hash = "sha256:c1ff362665ae507275af2853520967820d9124984e0f7466736aea23d8611fba"},
    {file = "pyyaml-6.0.3-cp314-cp314t-manylinux2014_aarch64.manylinux_2_17_aarch64.manylinux_2_28_aarch64.whl", hash = "sha256:6adc77889b628398debc7b65c073bcb99c4a0237b248cacaf3fe8a557563ef6c"},
    {file = "pyyaml-6.0.3-cp314-cp314t-manylinux2014_s390x.manylinux_2_17_s390x.manylinux_2_28_s390x.whl", hash = "sha256:a80cb027f6b349846a3bf6d73b5e95e782175e52f22108cfa17876aaeff93702"},
    {file = "pyyaml-6.0.3-cp314-cp314t-manylinux2014_x86_64.manylinux_2_17_x86_64.manylinux_2_28_x86_64.whl", hash = "sha256:00c4bdeba853cc34e7dd471f16b4114f4162dc03e6b7afcc2128711f0eca823c"},
    {file = "pyyaml-6.0.3-cp314-cp314t-musllinux_1_2_aarch64.whl", hash = "sha256:66e1674c3ef6f541c35191caae2d429b967b99e02040f5ba928632d9a7f0f065"},
    {file = "pyyaml-6.0.3-cp314-cp314t-musllinux_1_2_x86_64.whl", hash = "sha256:16249ee61e95f858e83976573de0f5b2893b3677ba71c9dd36b9cf8be9ac6d65"},
    {file = "pyyaml-6.0.3-cp314-cp314t-win_amd64.whl", hash = "sha256:4ad1906908f2f5ae4e5a8ddfce73c320c2a1429ec52eafd27138b7f1cbe341c9"},
    {file = "pyyaml-6.0.3-cp314-cp314t-win_arm64.whl", hash = "sha256:ebc55a14a21cb14062aa4162f906cd962b28e2e9ea38f9b4391244cd8de4ae0b"},
    {file = "pyyaml-6.0.3-cp39-cp39-macosx_10_13_x86_64.whl", hash = "sha256:b865addae83924361678b652338317d1bd7e79b1f4596f96b96c77a5a34b34da"},
    {file = "pyyaml-6.0.3-cp39-cp39-macosx_11_0_arm64.whl", hash = "sha256:c3355370a2c156cffb25e876646f149d5d68f5e0a3ce86a5084dd0b64a994917"},
    {file = "pyyaml-6.0.3-cp39-cp39-manylinux2014_aarch64.manylinux_2_17_aarch64.manylinux_2_28_aarch64.whl", hash = "sha256:3c5677e12444c15717b902a5798264fa7909e41153cdf9ef7ad571b704a63dd9"},
    {file = "pyyaml-6.0.3-cp39-cp39-manylinux2014_s390x.manylinux_2_17_s390x.manylinux_2_28_s390x.whl", hash = "sha256:5ed875a24292240029e4483f9d4a4b8a1ae08843b9c54f43fcc11e404532a8a5"},
    {file = "pyyaml-6.0.3-cp39-cp39-manylinux2014_x86_64.manylinux_2_17_x86_64.manylinux_2_28_x86_64.whl", hash = "sha256:0150219816b6a1fa26fb4699fb7daa9caf09eb1999f3b70fb6e786805e80375a"},
    {file = "pyyaml-6.0.3-cp39-cp39-musllinux_1_2_aarch64.whl", hash = "sha256:fa160448684b4e94d80416c0fa4aac48967a969efe22931448d853ada8baf926"},
    {file = "pyyaml-6.0.3-cp39-cp39-musllinux_1_2_x86_64.whl", hash = "sha256:27c0abcb4a5dac13684a37f76e701e054692a9b2d3064b70f5e4eb54810553d7"},
    {file = "pyyaml-6.0.3-cp39-cp39-win32.whl", hash = "sha256:1ebe39cb5fc479422b83de611d14e2c0d3bb2a18bbcb01f229ab3cfbd8fee7a0"},
    {file = "pyyaml-6.0.3-cp39-cp39-win_amd64.whl", hash = "sha256:2e71d11abed7344e42a8849600193d15b6def118602c4c176f748e4583246007"},
    {file = "pyyaml-6.0.3.tar.gz", hash = "sha256:d76623373421df22fb4cf8817020cbb7ef15c725b9d5e45f17e189bfc384190f"},
]

[[package]]
name = "referencing"
version = "0.36.2"
description = "JSON Referencing + Python"
optional = false
python-versions = ">=3.9"
groups = ["main"]
files = [
    {file = "referencing-0.36.2-py3-none-any.whl", hash = "sha256:e8699adbbf8b5c7de96d8ffa0eb5c158b3beafce084968e2ea8bb08c6794dcd0"},
    {file = "referencing-0.36.2.tar.gz", hash = "sha256:df2e89862cd09deabbdba16944cc3f10feb6b3e6f18e902f7cc25609a34775aa"},
]

[package.dependencies]
attrs = ">=22.2.0"
rpds-py = ">=0.7.0"
typing-extensions = {version = ">=4.4.0", markers = "python_version < \"3.13\""}

[[package]]
name = "rpds-py"
version = "0.25.1"
description = "Python bindings to Rust's persistent data structures (rpds)"
optional = false
python-versions = ">=3.9"
groups = ["main"]
files = [
    {file = "rpds_py-0.25.1-cp310-cp310-macosx_10_12_x86_64.whl", hash = "sha256:f4ad628b5174d5315761b67f212774a32f5bad5e61396d38108bd801c0a8f5d9"},
    {file = "rpds_py-0.25.1-cp310-cp310-macosx_11_0_arm64.whl", hash = "sha256:8c742af695f7525e559c16f1562cf2323db0e3f0fbdcabdf6865b095256b2d40"},
    {file = "rpds_py-0.25.1-cp310-cp310-manylinux_2_17_aarch64.manylinux2014_aarch64.whl", hash = "sha256:605ffe7769e24b1800b4d024d24034405d9404f0bc2f55b6db3362cd34145a6f"},
    {file = "rpds_py-0.25.1-cp310-cp310-manylinux_2_17_armv7l.manylinux2014_armv7l.whl", hash = "sha256:ccc6f3ddef93243538be76f8e47045b4aad7a66a212cd3a0f23e34469473d36b"},
    {file = "rpds_py-0.25.1-cp310-cp310-manylinux_2_17_ppc64le.manylinux2014_ppc64le.whl", hash = "sha256:f70316f760174ca04492b5ab01be631a8ae30cadab1d1081035136ba12738cfa"},
    {file = "rpds_py-0.25.1-cp310-cp310-manylinux_2_17_s390x.manylinux2014_s390x.whl", hash = "sha256:e1dafef8df605fdb46edcc0bf1573dea0d6d7b01ba87f85cd04dc855b2b4479e"},
    {file = "rpds_py-0.25.1-cp310-cp310-manylinux_2_17_x86_64.manylinux2014_x86_64.whl", hash = "sha256:0701942049095741a8aeb298a31b203e735d1c61f4423511d2b1a41dcd8a16da"},
    {file = "rpds_py-0.25.1-cp310-cp310-manylinux_2_5_i686.manylinux1_i686.whl", hash = "sha256:e87798852ae0b37c88babb7f7bbbb3e3fecc562a1c340195b44c7e24d403e380"},
    {file = "rpds_py-0.25.1-cp310-cp310-musllinux_1_2_aarch64.whl", hash = "sha256:3bcce0edc1488906c2d4c75c94c70a0417e83920dd4c88fec1078c94843a6ce9"},
    {file = "rpds_py-0.25.1-cp310-cp310-musllinux_1_2_i686.whl", hash = "sha256:e2f6a2347d3440ae789505693a02836383426249d5293541cd712e07e7aecf54"},
    {file = "rpds_py-0.25.1-cp310-cp310-musllinux_1_2_x86_64.whl", hash = "sha256:4fd52d3455a0aa997734f3835cbc4c9f32571345143960e7d7ebfe7b5fbfa3b2"},
    {file = "rpds_py-0.25.1-cp310-cp310-win32.whl", hash = "sha256:3f0b1798cae2bbbc9b9db44ee068c556d4737911ad53a4e5093d09d04b3bbc24"},
    {file = "rpds_py-0.25.1-cp310-cp310-win_amd64.whl", hash = "sha256:3ebd879ab996537fc510a2be58c59915b5dd63bccb06d1ef514fee787e05984a"},
    {file = "rpds_py-0.25.1-cp311-cp311-macosx_10_12_x86_64.whl", hash = "sha256:5f048bbf18b1f9120685c6d6bb70cc1a52c8cc11bdd04e643d28d3be0baf666d"},
    {file = "rpds_py-0.25.1-cp311-cp311-macosx_11_0_arm64.whl", hash = "sha256:4fbb0dbba559959fcb5d0735a0f87cdbca9e95dac87982e9b95c0f8f7ad10255"},
    {file = "rpds_py-0.25.1-cp311-cp311-manylinux_2_17_aarch64.manylinux2014_aarch64.whl", hash = "sha256:d4ca54b9cf9d80b4016a67a0193ebe0bcf29f6b0a96f09db942087e294d3d4c2"},
    {file = "rpds_py-0.25.1-cp311-cp311-manylinux_2_17_armv7l.manylinux2014_armv7l.whl", hash = "sha256:1ee3e26eb83d39b886d2cb6e06ea701bba82ef30a0de044d34626ede51ec98b0"},
    {file = "rpds_py-0.25.1-cp311-cp311-manylinux_2_17_ppc64le.manylinux2014_ppc64le.whl", hash = "sha256:89706d0683c73a26f76a5315d893c051324d771196ae8b13e6ffa1ffaf5e574f"},
    {file = "rpds_py-0.25.1-cp311-cp311-manylinux_2_17_s390x.manylinux2014_s390x.whl", hash = "sha256:c2013ee878c76269c7b557a9a9c042335d732e89d482606990b70a839635feb7"},
    {file = "rpds_py-0.25.1-cp311-cp311-manylinux_2_17_x86_64.manylinux2014_x86_64.whl", hash = "sha256:45e484db65e5380804afbec784522de84fa95e6bb92ef1bd3325d33d13efaebd"},
    {file = "rpds_py-0.25.1-cp311-cp311-manylinux_2_5_i686.manylinux1_i686.whl", hash = "sha256:48d64155d02127c249695abb87d39f0faf410733428d499867606be138161d65"},
    {file = "rpds_py-0.25.1-cp311-cp311-musllinux_1_2_aarch64.whl", hash = "sha256:048893e902132fd6548a2e661fb38bf4896a89eea95ac5816cf443524a85556f"},
    {file = "rpds_py-0.25.1-cp311-cp311-musllinux_1_2_i686.whl", hash = "sha256:0317177b1e8691ab5879f4f33f4b6dc55ad3b344399e23df2e499de7b10a548d"},
    {file = "rpds_py-0.25.1-cp311-cp311-musllinux_1_2_x86_64.whl", hash = "sha256:bffcf57826d77a4151962bf1701374e0fc87f536e56ec46f1abdd6a903354042"},
    {file = "rpds_py-0.25.1-cp311-cp311-win32.whl", hash = "sha256:cda776f1967cb304816173b30994faaf2fd5bcb37e73118a47964a02c348e1bc"},
    {file = "rpds_py-0.25.1-cp311-cp311-win_amd64.whl", hash = "sha256:dc3c1ff0abc91444cd20ec643d0f805df9a3661fcacf9c95000329f3ddf268a4"},
    {file = "rpds_py-0.25.1-cp311-cp311-win_arm64.whl", hash = "sha256:5a3ddb74b0985c4387719fc536faced33cadf2172769540c62e2a94b7b9be1c4"},
    {file = "rpds_py-0.25.1-cp312-cp312-macosx_10_12_x86_64.whl", hash = "sha256:b5ffe453cde61f73fea9430223c81d29e2fbf412a6073951102146c84e19e34c"},
    {file = "rpds_py-0.25.1-cp312-cp312-macosx_11_0_arm64.whl", hash = "sha256:115874ae5e2fdcfc16b2aedc95b5eef4aebe91b28e7e21951eda8a5dc0d3461b"},
    {file = "rpds_py-0.25.1-cp312-cp312-manylinux_2_17_aarch64.manylinux2014_aarch64.whl", hash = "sha256:a714bf6e5e81b0e570d01f56e0c89c6375101b8463999ead3a93a5d2a4af91fa"},
    {file = "rpds_py-0.25.1-cp312-cp312-manylinux_2_17_armv7l.manylinux2014_armv7l.whl", hash = "sha256:35634369325906bcd01577da4c19e3b9541a15e99f31e91a02d010816b49bfda"},
    {file = "rpds_py-0.25.1-cp312-cp312-manylinux_2_17_ppc64le.manylinux2014_ppc64le.whl", hash = "sha256:d4cb2b3ddc16710548801c6fcc0cfcdeeff9dafbc983f77265877793f2660309"},
    {file = "rpds_py-0.25.1-cp312-cp312-manylinux_2_17_s390x.manylinux2014_s390x.whl", hash = "sha256:9ceca1cf097ed77e1a51f1dbc8d174d10cb5931c188a4505ff9f3e119dfe519b"},
    {file = "rpds_py-0.25.1-cp312-cp312-manylinux_2_17_x86_64.manylinux2014_x86_64.whl", hash = "sha256:2c2cd1a4b0c2b8c5e31ffff50d09f39906fe351389ba143c195566056c13a7ea"},
    {file = "rpds_py-0.25.1-cp312-cp312-manylinux_2_5_i686.manylinux1_i686.whl", hash = "sha256:1de336a4b164c9188cb23f3703adb74a7623ab32d20090d0e9bf499a2203ad65"},
    {file = "rpds_py-0.25.1-cp312-cp312-musllinux_1_2_aarch64.whl", hash = "sha256:9fca84a15333e925dd59ce01da0ffe2ffe0d6e5d29a9eeba2148916d1824948c"},
    {file = "rpds_py-0.25.1-cp312-cp312-musllinux_1_2_i686.whl", hash = "sha256:88ec04afe0c59fa64e2f6ea0dd9657e04fc83e38de90f6de201954b4d4eb59bd"},
    {file = "rpds_py-0.25.1-cp312-cp312-musllinux_1_2_x86_64.whl", hash = "sha256:a8bd2f19e312ce3e1d2c635618e8a8d8132892bb746a7cf74780a489f0f6cdcb"},
    {file = "rpds_py-0.25.1-cp312-cp312-win32.whl", hash = "sha256:e5e2f7280d8d0d3ef06f3ec1b4fd598d386cc6f0721e54f09109a8132182fbfe"},
    {file = "rpds_py-0.25.1-cp312-cp312-win_amd64.whl", hash = "sha256:db58483f71c5db67d643857404da360dce3573031586034b7d59f245144cc192"},
    {file = "rpds_py-0.25.1-cp312-cp312-win_arm64.whl", hash = "sha256:6d50841c425d16faf3206ddbba44c21aa3310a0cebc3c1cdfc3e3f4f9f6f5728"},
    {file = "rpds_py-0.25.1-cp313-cp313-macosx_10_12_x86_64.whl", hash = "sha256:659d87430a8c8c704d52d094f5ba6fa72ef13b4d385b7e542a08fc240cb4a559"},
    {file = "rpds_py-0.25.1-cp313-cp313-macosx_11_0_arm64.whl", hash = "sha256:68f6f060f0bbdfb0245267da014d3a6da9be127fe3e8cc4a68c6f833f8a23bb1"},
    {file = "rpds_py-0.25.1-cp313-cp313-manylinux_2_17_aarch64.manylinux2014_aarch64.whl", hash = "sha256:083a9513a33e0b92cf6e7a6366036c6bb43ea595332c1ab5c8ae329e4bcc0a9c"},
    {file = "rpds_py-0.25.1-cp313-cp313-manylinux_2_17_armv7l.manylinux2014_armv7l.whl", hash = "sha256:816568614ecb22b18a010c7a12559c19f6fe993526af88e95a76d5a60b8b75fb"},
    {file = "rpds_py-0.25.1-cp313-cp313-manylinux_2_17_ppc64le.manylinux2014_ppc64le.whl", hash = "sha256:3c6564c0947a7f52e4792983f8e6cf9bac140438ebf81f527a21d944f2fd0a40"},
    {file = "rpds_py-0.25.1-cp313-cp313-manylinux_2_17_s390x.manylinux2014_s390x.whl", hash = "sha256:5c4a128527fe415d73cf1f70a9a688d06130d5810be69f3b553bf7b45e8acf79"},
    {file = "rpds_py-0.25.1-cp313-cp313-manylinux_2_17_x86_64.manylinux2014_x86_64.whl", hash = "sha256:a49e1d7a4978ed554f095430b89ecc23f42014a50ac385eb0c4d163ce213c325"},
    {file = "rpds_py-0.25.1-cp313-cp313-manylinux_2_5_i686.manylinux1_i686.whl", hash = "sha256:d74ec9bc0e2feb81d3f16946b005748119c0f52a153f6db6a29e8cd68636f295"},
    {file = "rpds_py-0.25.1-cp313-cp313-musllinux_1_2_aarch64.whl", hash = "sha256:3af5b4cc10fa41e5bc64e5c198a1b2d2864337f8fcbb9a67e747e34002ce812b"},
    {file = "rpds_py-0.25.1-cp313-cp313-musllinux_1_2_i686.whl", hash = "sha256:79dc317a5f1c51fd9c6a0c4f48209c6b8526d0524a6904fc1076476e79b00f98"},
    {file = "rpds_py-0.25.1-cp313-cp313-musllinux_1_2_x86_64.whl", hash = "sha256:1521031351865e0181bc585147624d66b3b00a84109b57fcb7a779c3ec3772cd"},
    {file = "rpds_py-0.25.1-cp313-cp313-win32.whl", hash = "sha256:5d473be2b13600b93a5675d78f59e63b51b1ba2d0476893415dfbb5477e65b31"},
    {file = "rpds_py-0.25.1-cp313-cp313-win_amd64.whl", hash = "sha256:a7b74e92a3b212390bdce1d93da9f6488c3878c1d434c5e751cbc202c5e09500"},
    {file = "rpds_py-0.25.1-cp313-cp313-win_arm64.whl", hash = "sha256:dd326a81afe332ede08eb39ab75b301d5676802cdffd3a8f287a5f0b694dc3f5"},
    {file = "rpds_py-0.25.1-cp313-cp313t-macosx_10_12_x86_64.whl", hash = "sha256:a58d1ed49a94d4183483a3ce0af22f20318d4a1434acee255d683ad90bf78129"},
    {file = "rpds_py-0.25.1-cp313-cp313t-macosx_11_0_arm64.whl", hash = "sha256:f251bf23deb8332823aef1da169d5d89fa84c89f67bdfb566c49dea1fccfd50d"},
    {file = "rpds_py-0.25.1-cp313-cp313t-manylinux_2_17_aarch64.manylinux2014_aarch64.whl", hash = "sha256:8dbd586bfa270c1103ece2109314dd423df1fa3d9719928b5d09e4840cec0d72"},
    {file = "rpds_py-0.25.1-cp313-cp313t-manylinux_2_17_armv7l.manylinux2014_armv7l.whl", hash = "sha256:6d273f136e912aa101a9274c3145dcbddbe4bac560e77e6d5b3c9f6e0ed06d34"},
    {file = "rpds_py-0.25.1-cp313-cp313t-manylinux_2_17_ppc64le.manylinux2014_ppc64le.whl", hash = "sha256:666fa7b1bd0a3810a7f18f6d3a25ccd8866291fbbc3c9b912b917a6715874bb9"},
    {file = "rpds_py-0.25.1-cp313-cp313t-manylinux_2_17_s390x.manylinux2014_s390x.whl", hash = "sha256:921954d7fbf3fccc7de8f717799304b14b6d9a45bbeec5a8d7408ccbf531faf5"},
    {file = "rpds_py-0.25.1-cp313-cp313t-manylinux_2_17_x86_64.manylinux2014_x86_64.whl", hash = "sha256:f3d86373ff19ca0441ebeb696ef64cb58b8b5cbacffcda5a0ec2f3911732a194"},
    {file = "rpds_py-0.25.1-cp313-cp313t-manylinux_2_5_i686.manylinux1_i686.whl", hash = "sha256:c8980cde3bb8575e7c956a530f2c217c1d6aac453474bf3ea0f9c89868b531b6"},
    {file = "rpds_py-0.25.1-cp313-cp313t-musllinux_1_2_aarch64.whl", hash = "sha256:8eb8c84ecea987a2523e057c0d950bcb3f789696c0499290b8d7b3107a719d78"},
    {file = "rpds_py-0.25.1-cp313-cp313t-musllinux_1_2_i686.whl", hash = "sha256:e43a005671a9ed5a650f3bc39e4dbccd6d4326b24fb5ea8be5f3a43a6f576c72"},
    {file = "rpds_py-0.25.1-cp313-cp313t-musllinux_1_2_x86_64.whl", hash = "sha256:58f77c60956501a4a627749a6dcb78dac522f249dd96b5c9f1c6af29bfacfb66"},
    {file = "rpds_py-0.25.1-cp313-cp313t-win32.whl", hash = "sha256:2cb9e5b5e26fc02c8a4345048cd9998c2aca7c2712bd1b36da0c72ee969a3523"},
    {file = "rpds_py-0.25.1-cp313-cp313t-win_amd64.whl", hash = "sha256:401ca1c4a20cc0510d3435d89c069fe0a9ae2ee6495135ac46bdd49ec0495763"},
    {file = "rpds_py-0.25.1-cp39-cp39-macosx_10_12_x86_64.whl", hash = "sha256:ce4c8e485a3c59593f1a6f683cf0ea5ab1c1dc94d11eea5619e4fb5228b40fbd"},
    {file = "rpds_py-0.25.1-cp39-cp39-macosx_11_0_arm64.whl", hash = "sha256:d8222acdb51a22929c3b2ddb236b69c59c72af4019d2cba961e2f9add9b6e634"},
    {file = "rpds_py-0.25.1-cp39-cp39-manylinux_2_17_aarch64.manylinux2014_aarch64.whl", hash = "sha256:4593c4eae9b27d22df41cde518b4b9e4464d139e4322e2127daa9b5b981b76be"},
    {file = "rpds_py-0.25.1-cp39-cp39-manylinux_2_17_armv7l.manylinux2014_armv7l.whl", hash = "sha256:bd035756830c712b64725a76327ce80e82ed12ebab361d3a1cdc0f51ea21acb0"},
    {file = "rpds_py-0.25.1-cp39-cp39-manylinux_2_17_ppc64le.manylinux2014_ppc64le.whl", hash = "sha256:114a07e85f32b125404f28f2ed0ba431685151c037a26032b213c882f26eb908"},
    {file = "rpds_py-0.25.1-cp39-cp39-manylinux_2_17_s390x.manylinux2014_s390x.whl", hash = "sha256:dec21e02e6cc932538b5203d3a8bd6aa1480c98c4914cb88eea064ecdbc6396a"},
    {file = "rpds_py-0.25.1-cp39-cp39-manylinux_2_17_x86_64.manylinux2014_x86_64.whl", hash = "sha256:09eab132f41bf792c7a0ea1578e55df3f3e7f61888e340779b06050a9a3f16e9"},
    {file = "rpds_py-0.25.1-cp39-cp39-manylinux_2_5_i686.manylinux1_i686.whl", hash = "sha256:c98f126c4fc697b84c423e387337d5b07e4a61e9feac494362a59fd7a2d9ed80"},
    {file = "rpds_py-0.25.1-cp39-cp39-musllinux_1_2_aarch64.whl", hash = "sha256:0e6a327af8ebf6baba1c10fadd04964c1965d375d318f4435d5f3f9651550f4a"},
    {file = "rpds_py-0.25.1-cp39-cp39-musllinux_1_2_i686.whl", hash = "sha256:bc120d1132cff853ff617754196d0ac0ae63befe7c8498bd67731ba368abe451"},
    {file = "rpds_py-0.25.1-cp39-cp39-musllinux_1_2_x86_64.whl", hash = "sha256:140f61d9bed7839446bdd44852e30195c8e520f81329b4201ceead4d64eb3a9f"},
    {file = "rpds_py-0.25.1-cp39-cp39-win32.whl", hash = "sha256:9c006f3aadeda131b438c3092124bd196b66312f0caa5823ef09585a669cf449"},
    {file = "rpds_py-0.25.1-cp39-cp39-win_amd64.whl", hash = "sha256:a61d0b2c7c9a0ae45732a77844917b427ff16ad5464b4d4f5e4adb955f582890"},
    {file = "rpds_py-0.25.1-pp310-pypy310_pp73-macosx_10_12_x86_64.whl", hash = "sha256:b24bf3cd93d5b6ecfbedec73b15f143596c88ee249fa98cefa9a9dc9d92c6f28"},
    {file = "rpds_py-0.25.1-pp310-pypy310_pp73-macosx_11_0_arm64.whl", hash = "sha256:0eb90e94f43e5085623932b68840b6f379f26db7b5c2e6bcef3179bd83c9330f"},
    {file = "rpds_py-0.25.1-pp310-pypy310_pp73-manylinux_2_17_aarch64.manylinux2014_aarch64.whl", hash = "sha256:d50e4864498a9ab639d6d8854b25e80642bd362ff104312d9770b05d66e5fb13"},
    {file = "rpds_py-0.25.1-pp310-pypy310_pp73-manylinux_2_17_armv7l.manylinux2014_armv7l.whl", hash = "sha256:7c9409b47ba0650544b0bb3c188243b83654dfe55dcc173a86832314e1a6a35d"},
    {file = "rpds_py-0.25.1-pp310-pypy310_pp73-manylinux_2_17_ppc64le.manylinux2014_ppc64le.whl", hash = "sha256:796ad874c89127c91970652a4ee8b00d56368b7e00d3477f4415fe78164c8000"},
    {file = "rpds_py-0.25.1-pp310-pypy310_pp73-manylinux_2_17_s390x.manylinux2014_s390x.whl", hash = "sha256:85608eb70a659bf4c1142b2781083d4b7c0c4e2c90eff11856a9754e965b2540"},
    {file = "rpds_py-0.25.1-pp310-pypy310_pp73-manylinux_2_17_x86_64.manylinux2014_x86_64.whl", hash = "sha256:c4feb9211d15d9160bc85fa72fed46432cdc143eb9cf6d5ca377335a921ac37b"},
    {file = "rpds_py-0.25.1-pp310-pypy310_pp73-manylinux_2_5_i686.manylinux1_i686.whl", hash = "sha256:ccfa689b9246c48947d31dd9d8b16d89a0ecc8e0e26ea5253068efb6c542b76e"},
    {file = "rpds_py-0.25.1-pp310-pypy310_pp73-musllinux_1_2_aarch64.whl", hash = "sha256:3c5b317ecbd8226887994852e85de562f7177add602514d4ac40f87de3ae45a8"},
    {file = "rpds_py-0.25.1-pp310-pypy310_pp73-musllinux_1_2_i686.whl", hash = "sha256:454601988aab2c6e8fd49e7634c65476b2b919647626208e376afcd22019eeb8"},
    {file = "rpds_py-0.25.1-pp310-pypy310_pp73-musllinux_1_2_x86_64.whl", hash = "sha256:1c0c434a53714358532d13539272db75a5ed9df75a4a090a753ac7173ec14e11"},
    {file = "rpds_py-0.25.1-pp310-pypy310_pp73-win_amd64.whl", hash = "sha256:f73ce1512e04fbe2bc97836e89830d6b4314c171587a99688082d090f934d20a"},
    {file = "rpds_py-0.25.1-pp311-pypy311_pp73-macosx_10_12_x86_64.whl", hash = "sha256:ee86d81551ec68a5c25373c5643d343150cc54672b5e9a0cafc93c1870a53954"},
    {file = "rpds_py-0.25.1-pp311-pypy311_pp73-macosx_11_0_arm64.whl", hash = "sha256:89c24300cd4a8e4a51e55c31a8ff3918e6651b241ee8876a42cc2b2a078533ba"},
    {file = "rpds_py-0.25.1-pp311-pypy311_pp73-manylinux_2_17_aarch64.manylinux2014_aarch64.whl", hash = "sha256:771c16060ff4e79584dc48902a91ba79fd93eade3aa3a12d6d2a4aadaf7d542b"},
    {file = "rpds_py-0.25.1-pp311-pypy311_pp73-manylinux_2_17_armv7l.manylinux2014_armv7l.whl", hash = "sha256:785ffacd0ee61c3e60bdfde93baa6d7c10d86f15655bd706c89da08068dc5038"},
    {file = "rpds_py-0.25.1-pp311-pypy311_pp73-manylinux_2_17_ppc64le.manylinux2014_ppc64le.whl", hash = "sha256:2a40046a529cc15cef88ac5ab589f83f739e2d332cb4d7399072242400ed68c9"},
    {file = "rpds_py-0.25.1-pp311-pypy311_pp73-manylinux_2_17_s390x.manylinux2014_s390x.whl", hash = "sha256:85fc223d9c76cabe5d0bff82214459189720dc135db45f9f66aa7cffbf9ff6c1"},
    {file = "rpds_py-0.25.1-pp311-pypy311_pp73-manylinux_2_17_x86_64.manylinux2014_x86_64.whl", hash = "sha256:b0be9965f93c222fb9b4cc254235b3b2b215796c03ef5ee64f995b1b69af0762"},
    {file = "rpds_py-0.25.1-pp311-pypy311_pp73-manylinux_2_5_i686.manylinux1_i686.whl", hash = "sha256:8378fa4a940f3fb509c081e06cb7f7f2adae8cf46ef258b0e0ed7519facd573e"},
    {file = "rpds_py-0.25.1-pp311-pypy311_pp73-musllinux_1_2_aarch64.whl", hash = "sha256:33358883a4490287e67a2c391dfaea4d9359860281db3292b6886bf0be3d8692"},
    {file = "rpds_py-0.25.1-pp311-pypy311_pp73-musllinux_1_2_i686.whl", hash = "sha256:1d1fadd539298e70cac2f2cb36f5b8a65f742b9b9f1014dd4ea1f7785e2470bf"},
    {file = "rpds_py-0.25.1-pp311-pypy311_pp73-musllinux_1_2_x86_64.whl", hash = "sha256:9a46c2fb2545e21181445515960006e85d22025bd2fe6db23e76daec6eb689fe"},
    {file = "rpds_py-0.25.1-pp39-pypy39_pp73-macosx_10_12_x86_64.whl", hash = "sha256:50f2c501a89c9a5f4e454b126193c5495b9fb441a75b298c60591d8a2eb92e1b"},
    {file = "rpds_py-0.25.1-pp39-pypy39_pp73-macosx_11_0_arm64.whl", hash = "sha256:7d779b325cc8238227c47fbc53964c8cc9a941d5dbae87aa007a1f08f2f77b23"},
    {file = "rpds_py-0.25.1-pp39-pypy39_pp73-manylinux_2_17_aarch64.manylinux2014_aarch64.whl", hash = "sha256:036ded36bedb727beeabc16dc1dad7cb154b3fa444e936a03b67a86dc6a5066e"},
    {file = "rpds_py-0.25.1-pp39-pypy39_pp73-manylinux_2_17_armv7l.manylinux2014_armv7l.whl", hash = "sha256:245550f5a1ac98504147cba96ffec8fabc22b610742e9150138e5d60774686d7"},
    {file = "rpds_py-0.25.1-pp39-pypy39_pp73-manylinux_2_17_ppc64le.manylinux2014_ppc64le.whl", hash = "sha256:ff7c23ba0a88cb7b104281a99476cccadf29de2a0ef5ce864959a52675b1ca83"},
    {file = "rpds_py-0.25.1-pp39-pypy39_pp73-manylinux_2_17_s390x.manylinux2014_s390x.whl", hash = "sha256:e37caa8cdb3b7cf24786451a0bdb853f6347b8b92005eeb64225ae1db54d1c2b"},
    {file = "rpds_py-0.25.1-pp39-pypy39_pp73-manylinux_2_17_x86_64.manylinux2014_x86_64.whl", hash = "sha256:9f2f48ab00181600ee266a095fe815134eb456163f7d6699f525dee471f312cf"},
    {file = "rpds_py-0.25.1-pp39-pypy39_pp73-manylinux_2_5_i686.manylinux1_i686.whl", hash = "sha256:9e5fc7484fa7dce57e25063b0ec9638ff02a908304f861d81ea49273e43838c1"},
    {file = "rpds_py-0.25.1-pp39-pypy39_pp73-musllinux_1_2_aarch64.whl", hash = "sha256:d3c10228d6cf6fe2b63d2e7985e94f6916fa46940df46b70449e9ff9297bd3d1"},
    {file = "rpds_py-0.25.1-pp39-pypy39_pp73-musllinux_1_2_i686.whl", hash = "sha256:5d9e40f32745db28c1ef7aad23f6fc458dc1e29945bd6781060f0d15628b8ddf"},
    {file = "rpds_py-0.25.1-pp39-pypy39_pp73-musllinux_1_2_x86_64.whl", hash = "sha256:35a8d1a24b5936b35c5003313bc177403d8bdef0f8b24f28b1c4a255f94ea992"},
    {file = "rpds_py-0.25.1-pp39-pypy39_pp73-win_amd64.whl", hash = "sha256:6099263f526efff9cf3883dfef505518730f7a7a93049b1d90d42e50a22b4793"},
    {file = "rpds_py-0.25.1.tar.gz", hash = "sha256:8960b6dac09b62dac26e75d7e2c4a22efb835d827a7278c34f72b2b84fa160e3"},
]

[[package]]
name = "smmap"
version = "5.0.2"
description = "A pure Python implementation of a sliding window memory map manager"
optional = false
python-versions = ">=3.7"
groups = ["main"]
files = [
    {file = "smmap-5.0.2-py3-none-any.whl", hash = "sha256:b30115f0def7d7531d22a0fb6502488d879e75b260a9db4d0819cfb25403af5e"},
    {file = "smmap-5.0.2.tar.gz", hash = "sha256:26ea65a03958fa0c8a1c7e8c7a58fdc77221b8910f6be2131affade476898ad5"},
]

[[package]]
name = "typing-extensions"
version = "4.14.0"
description = "Backported and Experimental Type Hints for Python 3.9+"
optional = false
python-versions = ">=3.9"
groups = ["main"]
markers = "python_version < \"3.13\""
files = [
    {file = "typing_extensions-4.14.0-py3-none-any.whl", hash = "sha256:a1514509136dd0b477638fc68d6a91497af5076466ad0fa6c338e44e359944af"},
    {file = "typing_extensions-4.14.0.tar.gz", hash = "sha256:8676b788e32f02ab42d9e7c61324048ae4c6d844a399eebace3d4979d75ceef4"},
]

[metadata]
lock-version = "2.1"
python-versions = ">=3.9"
content-hash = "efa77499c73c8c76318ef71a34f7ae734d08c6d039e60a4fd0314c997d64a35d"
